
Microsoft Visual Studio Solution File, Format Version 12.00
# Visual Studio 2013
VisualStudioVersion = 12.0.21005.1
MinimumVisualStudioVersion = 10.0.40219.1
Project("{FAE04EC0-301F-11D3-BF4B-00C04F79EFBC}") = "Client", "Client\Client.csproj", "{28CED84B-3CEC-4BA7-B27A-165114792985}"
EndProject
Project("{FAE04EC0-301F-11D3-BF4B-00C04F79EFBC}") = "Trees", "Trees\Trees.csproj", "{C4EAABD8-AE02-459D-A3E2-5688C030D7BF}"
EndProject
Global
	GlobalSection(SolutionConfigurationPlatforms) = preSolution
		Debug|Any CPU = Debug|Any CPU
		Release|Any CPU = Release|Any CPU
	EndGlobalSection
	GlobalSection(ProjectConfigurationPlatforms) = postSolution
		{28CED84B-3CEC-4BA7-B27A-165114792985}.Debug|Any CPU.ActiveCfg = Debug|Any CPU
		{28CED84B-3CEC-4BA7-B27A-165114792985}.Debug|Any CPU.Build.0 = Debug|Any CPU
		{28CED84B-3CEC-4BA7-B27A-165114792985}.Release|Any CPU.ActiveCfg = Release|Any CPU
		{28CED84B-3CEC-4BA7-B27A-165114792985}.Release|Any CPU.Build.0 = Release|Any CPU
		{C4EAABD8-AE02-459D-A3E2-5688C030D7BF}.Debug|Any CPU.ActiveCfg = Debug|Any CPU
		{C4EAABD8-AE02-459D-A3E2-5688C030D7BF}.Debug|Any CPU.Build.0 = Debug|Any CPU
		{C4EAABD8-AE02-459D-A3E2-5688C030D7BF}.Release|Any CPU.ActiveCfg = Release|Any CPU
		{C4EAABD8-AE02-459D-A3E2-5688C030D7BF}.Release|Any CPU.Build.0 = Release|Any CPU
	EndGlobalSection
	GlobalSection(SolutionProperties) = preSolution
		HideSolutionNode = FALSE
	EndGlobalSection
EndGlobal
